
Microsoft Visual Studio Solution File, Format Version 12.00
# Visual Studio 15
VisualStudioVersion = 15.0.28010.2019
MinimumVisualStudioVersion = 10.0.40219.1
Project("{FAE04EC0-301F-11D3-BF4B-00C04F79EFBC}") = "program1", "program1\program1.csproj", "{424FF5AA-6220-43C4-A243-ABDC4BD3F253}"
EndProject
Project("{FAE04EC0-301F-11D3-BF4B-00C04F79EFBC}") = "program2", "program2\program2.csproj", "{456B79C6-7D3B-4DE6-BDD2-E22C3F89F26F}"
EndProject
Project("{FAE04EC0-301F-11D3-BF4B-00C04F79EFBC}") = "program3", "program3\program3.csproj", "{8D6AF602-4C28-45C4-B984-86C234268751}"
EndProject
Global
	GlobalSection(SolutionConfigurationPlatforms) = preSolution
		Debug|Any CPU = Debug|Any CPU
		Release|Any CPU = Release|Any CPU
	EndGlobalSection
	GlobalSection(ProjectConfigurationPlatforms) = postSolution
		{424FF5AA-6220-43C4-A243-ABDC4BD3F253}.Debug|Any CPU.ActiveCfg = Debug|Any CPU
		{424FF5AA-6220-43C4-A243-ABDC4BD3F253}.Debug|Any CPU.Build.0 = Debug|Any CPU
		{424FF5AA-6220-43C4-A243-ABDC4BD3F253}.Release|Any CPU.ActiveCfg = Release|Any CPU
		{424FF5AA-6220-43C4-A243-ABDC4BD3F253}.Release|Any CPU.Build.0 = Release|Any CPU
		{456B79C6-7D3B-4DE6-BDD2-E22C3F89F26F}.Debug|Any CPU.ActiveCfg = Debug|Any CPU
		{456B79C6-7D3B-4DE6-BDD2-E22C3F89F26F}.Debug|Any CPU.Build.0 = Debug|Any CPU
		{456B79C6-7D3B-4DE6-BDD2-E22C3F89F26F}.Release|Any CPU.ActiveCfg = Release|Any CPU
		{456B79C6-7D3B-4DE6-BDD2-E22C3F89F26F}.Release|Any CPU.Build.0 = Release|Any CPU
		{8D6AF602-4C28-45C4-B984-86C234268751}.Debug|Any CPU.ActiveCfg = Debug|Any CPU
		{8D6AF602-4C28-45C4-B984-86C234268751}.Debug|Any CPU.Build.0 = Debug|Any CPU
		{8D6AF602-4C28-45C4-B984-86C234268751}.Release|Any CPU.ActiveCfg = Release|Any CPU
		{8D6AF602-4C28-45C4-B984-86C234268751}.Release|Any CPU.Build.0 = Release|Any CPU
	EndGlobalSection
	GlobalSection(SolutionProperties) = preSolution
		HideSolutionNode = FALSE
	EndGlobalSection
	GlobalSection(ExtensibilityGlobals) = postSolution
		SolutionGuid = {DC75F39C-89EF-4237-8EFF-E28812BD9F76}
	EndGlobalSection
EndGlobal
