
Microsoft Visual Studio Solution File, Format Version 12.00
# Visual Studio 15
VisualStudioVersion = 15.0.28010.2019
MinimumVisualStudioVersion = 10.0.40219.1
Project("{FAE04EC0-301F-11D3-BF4B-00C04F79EFBC}") = "Program", "Program\Program.csproj", "{7D249A03-4EEC-4F1E-BE8E-CB10A474AB3D}"
EndProject
Project("{FAE04EC0-301F-11D3-BF4B-00C04F79EFBC}") = "UnitTestProject1", "UnitTestProject1\UnitTestProject1.csproj", "{BC7FBB93-479C-4F3D-89B8-284D7B3B451C}"
EndProject
Global
	GlobalSection(SolutionConfigurationPlatforms) = preSolution
		Debug|Any CPU = Debug|Any CPU
		Release|Any CPU = Release|Any CPU
	EndGlobalSection
	GlobalSection(ProjectConfigurationPlatforms) = postSolution
		{7D249A03-4EEC-4F1E-BE8E-CB10A474AB3D}.Debug|Any CPU.ActiveCfg = Debug|Any CPU
		{7D249A03-4EEC-4F1E-BE8E-CB10A474AB3D}.Debug|Any CPU.Build.0 = Debug|Any CPU
		{7D249A03-4EEC-4F1E-BE8E-CB10A474AB3D}.Release|Any CPU.ActiveCfg = Release|Any CPU
		{7D249A03-4EEC-4F1E-BE8E-CB10A474AB3D}.Release|Any CPU.Build.0 = Release|Any CPU
		{BC7FBB93-479C-4F3D-89B8-284D7B3B451C}.Debug|Any CPU.ActiveCfg = Debug|Any CPU
		{BC7FBB93-479C-4F3D-89B8-284D7B3B451C}.Debug|Any CPU.Build.0 = Debug|Any CPU
		{BC7FBB93-479C-4F3D-89B8-284D7B3B451C}.Release|Any CPU.ActiveCfg = Release|Any CPU
		{BC7FBB93-479C-4F3D-89B8-284D7B3B451C}.Release|Any CPU.Build.0 = Release|Any CPU
	EndGlobalSection
	GlobalSection(SolutionProperties) = preSolution
		HideSolutionNode = FALSE
	EndGlobalSection
	GlobalSection(ExtensibilityGlobals) = postSolution
		SolutionGuid = {62EDD259-D9B3-4269-BAC2-4FB0EBBB2D2C}
	EndGlobalSection
EndGlobal
